
Microsoft Visual Studio Solution File, Format Version 12.00
# Visual Studio Version 17
VisualStudioVersion = 17.7.34031.279
MinimumVisualStudioVersion = 10.0.40219.1
Project("{FAE04EC0-301F-11D3-BF4B-00C04F79EFBC}") = "SamWonAPI", "SamWonAPI.csproj", "{36D54C5B-5B4E-4DE6-86DA-9E9817341530}"
EndProject
Global
	GlobalSection(SolutionConfigurationPlatforms) = preSolution
		Debug|Any CPU = Debug|Any CPU
		Release|Any CPU = Release|Any CPU
	EndGlobalSection
	GlobalSection(ProjectConfigurationPlatforms) = postSolution
		{36D54C5B-5B4E-4DE6-86DA-9E9817341530}.Debug|Any CPU.ActiveCfg = Debug|Any CPU
		{36D54C5B-5B4E-4DE6-86DA-9E9817341530}.Debug|Any CPU.Build.0 = Debug|Any CPU
		{36D54C5B-5B4E-4DE6-86DA-9E9817341530}.Release|Any CPU.ActiveCfg = Release|Any CPU
		{36D54C5B-5B4E-4DE6-86DA-9E9817341530}.Release|Any CPU.Build.0 = Release|Any CPU
	EndGlobalSection
	GlobalSection(SolutionProperties) = preSolution
		HideSolutionNode = FALSE
	EndGlobalSection
	GlobalSection(ExtensibilityGlobals) = postSolution
		SolutionGuid = {1AFE7693-E40C-414E-81CB-8336F6C76770}
	EndGlobalSection
EndGlobal
